{
    "_meta": {
        "hash": {
            "sha256": "5f2bbc48f54ae2f9cef79acecc80b72cb62708eef50ab378f5048c136db82d91"
        },
        "pipfile-spec": 6,
        "requires": {
            "python_version": "3.7"
        },
        "sources": [
            {
                "name": "pypi",
                "url": "https://pypi.org/simple",
                "verify_ssl": true
            }
        ]
    },
    "default": {
        "django": {
            "hashes": [
                "sha256:84f370f6acedbe1f3c41e1a02de44ac206efda3355e427139ecb785b5f596d80",
                "sha256:e8fe3c2b2212dce6126becab7a693157f1a441a07b62ec994c046c76af5bb66d"
            ],
            "index": "pypi",
            "version": "==2.2.13"
        },
        "mysqlclient": {
            "hashes": [
                "sha256:4c82187dd6ab3607150fbb1fa5ef4643118f3da122b8ba31c3149ddd9cf0cb39",
                "sha256:9e6080a7aee4cc6a06b58b59239f20f1d259c1d2fddf68ddeed242d2311c7087",
                "sha256:f3fdaa9a38752a3b214a6fe79d7cae3653731a53e577821f9187e67cbecb2e16",
                "sha256:f646f8d17d02be0872291f258cce3813497bc7888cd4712a577fd1e719b2f213"
            ],
            "index": "pypi",
            "version": "==1.4.6"
        },
        "pytz": {
            "hashes": [
                "sha256:1d8ce29db189191fb55338ee6d0387d82ab59f3d00eac103412d64e0ebd0c588",
                "sha256:a151b3abb88eda1d4e34a9814df37de2a80e301e68ba0fd856fb9b46bfbbbffb"
            ],
            "version": "==2023.3"
        },
        "sqlparse": {
            "hashes": [
                "sha256:5430a4fe2ac7d0f93e66f1efc6e1338a41884b7ddf2a350cedd20ccc4d9d28f3",
                "sha256:d446183e84b8349fa3061f0fe7f06ca94ba65b426946ffebe6e3e8295332420c"
            ],
            "index": "pypi",
            "version": "==0.4.4"
        }
    },
    "develop": {
        "factory-boy": {
            "hashes": [
                "sha256:728df59b372c9588b83153facf26d3d28947fc750e8e3c95cefa9bed0e6394ee",
                "sha256:faf48d608a1735f0d0a3c9cbf536d64f9132b547dae7ba452c4d99a79e84a370"
            ],
            "index": "pypi",
            "version": "==2.12.0"
        },
        "faker": {
            "hashes": [
                "sha256:170ead9d0d140916168b142df69c44722b8f622ced2070802d0af9c476f0cb84",
                "sha256:977ad0b7aa7a61ed57287d6a0723a827e9d3dd1f8cc82aaf08707f281b33bacc"
            ],
            "markers": "python_version >= '3.7'",
            "version": "==18.4.0"
        },
        "python-dateutil": {
            "hashes": [
                "sha256:0123cacc1627ae19ddf3c27a5de5bd67ee4586fbdd6440d9748f8abb483d3e86",
                "sha256:961d03dc3453ebbc59dbdea9e4e11c5651520a876d0f4db161e8674aae935da9"
            ],
            "markers": "python_version >= '2.7' and python_version not in '3.0, 3.1, 3.2, 3.3'",
            "version": "==2.8.2"
        },
        "six": {
            "hashes": [
                "sha256:1e61c37477a1626458e36f7b1d82aa5c9b094fa4802892072e49de9c60c4c926",
                "sha256:8abb2f1d86890a2dfb989f9a77cfcfd3e47c2a354b01111771326f8aa26e0254"
            ],
            "markers": "python_version >= '2.7' and python_version not in '3.0, 3.1, 3.2, 3.3'",
            "version": "==1.16.0"
        },
        "typing-extensions": {
            "hashes": [
                "sha256:5cb5f4a79139d699607b3ef622a1dedafa84e115ab0024e0d9c044a9479ca7cb",
                "sha256:fb33085c39dd998ac16d1431ebc293a8b3eedd00fd4a32de0ff79002c19511b4"
            ],
            "markers": "python_version < '3.8'",
            "version": "==4.5.0"
        }
    }
}
